
Microsoft Visual Studio Solution File, Format Version 9.00
# Visual Studio 2005
Project("{8BC9CEB8-8B4A-11D0-8D11-00A0C91BC942}") = "RegSafe", "RegSafe.vcproj", "{349BDBBF-9B65-4BC2-A86D-7D1313AF155A}"
EndProject
Global
	GlobalSection(SolutionConfigurationPlatforms) = preSolution
		Debug|Win32 = Debug|Win32
		Release|Win32 = Release|Win32
	EndGlobalSection
	GlobalSection(ProjectConfigurationPlatforms) = postSolution
		{349BDBBF-9B65-4BC2-A86D-7D1313AF155A}.Debug|Win32.ActiveCfg = Debug|Win32
		{349BDBBF-9B65-4BC2-A86D-7D1313AF155A}.Debug|Win32.Build.0 = Debug|Win32
		{349BDBBF-9B65-4BC2-A86D-7D1313AF155A}.Release|Win32.ActiveCfg = Release|Win32
		{349BDBBF-9B65-4BC2-A86D-7D1313AF155A}.Release|Win32.Build.0 = Release|Win32
	EndGlobalSection
	GlobalSection(SolutionProperties) = preSolution
		HideSolutionNode = FALSE
	EndGlobalSection
EndGlobal
