
Microsoft Visual Studio Solution File, Format Version 10.00
# Visual Studio 2008
Project("{8BC9CEB8-8B4A-11D0-8D11-00A0C91BC942}") = "RawEthernet", "RawEthernet.vcproj", "{EC35148F-769A-4D13-8E99-1F5716560026}"
EndProject
Global
	GlobalSection(SolutionConfigurationPlatforms) = preSolution
		Debug|Win32 = Debug|Win32
		Release|Win32 = Release|Win32
	EndGlobalSection
	GlobalSection(ProjectConfigurationPlatforms) = postSolution
		{EC35148F-769A-4D13-8E99-1F5716560026}.Debug|Win32.ActiveCfg = Debug|Win32
		{EC35148F-769A-4D13-8E99-1F5716560026}.Debug|Win32.Build.0 = Debug|Win32
		{EC35148F-769A-4D13-8E99-1F5716560026}.Release|Win32.ActiveCfg = Release|Win32
		{EC35148F-769A-4D13-8E99-1F5716560026}.Release|Win32.Build.0 = Release|Win32
	EndGlobalSection
	GlobalSection(SolutionProperties) = preSolution
		HideSolutionNode = FALSE
	EndGlobalSection
EndGlobal
