
Microsoft Visual Studio Solution File, Format Version 10.00
# Visual Studio 2008
Project("{8BC9CEB8-8B4A-11D0-8D11-00A0C91BC942}") = "user", "user\user.vcproj", "{CABFDA30-2128-4FF7-B112-75DBA3510343}"
EndProject
Global
	GlobalSection(SolutionConfigurationPlatforms) = preSolution
		Debug|Win32 = Debug|Win32
		Release|Win32 = Release|Win32
	EndGlobalSection
	GlobalSection(ProjectConfigurationPlatforms) = postSolution
		{CABFDA30-2128-4FF7-B112-75DBA3510343}.Debug|Win32.ActiveCfg = Debug|Win32
		{CABFDA30-2128-4FF7-B112-75DBA3510343}.Debug|Win32.Build.0 = Debug|Win32
		{CABFDA30-2128-4FF7-B112-75DBA3510343}.Release|Win32.ActiveCfg = Release|Win32
		{CABFDA30-2128-4FF7-B112-75DBA3510343}.Release|Win32.Build.0 = Release|Win32
	EndGlobalSection
	GlobalSection(SolutionProperties) = preSolution
		HideSolutionNode = FALSE
	EndGlobalSection
EndGlobal
