
Microsoft Visual Studio Solution File, Format Version 10.00
# Visual Studio 2008
Project("{8BC9CEB8-8B4A-11D0-8D11-00A0C91BC942}") = "PasswordMonitor", "PasswordMonitor.vcproj", "{BE830FA6-E312-467D-BAB9-4F664FD0F846}"
EndProject
Global
	GlobalSection(SolutionConfigurationPlatforms) = preSolution
		Debug|Win32 = Debug|Win32
		Release|Win32 = Release|Win32
	EndGlobalSection
	GlobalSection(ProjectConfigurationPlatforms) = postSolution
		{BE830FA6-E312-467D-BAB9-4F664FD0F846}.Debug|Win32.ActiveCfg = Debug|Win32
		{BE830FA6-E312-467D-BAB9-4F664FD0F846}.Debug|Win32.Build.0 = Debug|Win32
		{BE830FA6-E312-467D-BAB9-4F664FD0F846}.Release|Win32.ActiveCfg = Release|Win32
		{BE830FA6-E312-467D-BAB9-4F664FD0F846}.Release|Win32.Build.0 = Release|Win32
	EndGlobalSection
	GlobalSection(SolutionProperties) = preSolution
		HideSolutionNode = FALSE
	EndGlobalSection
EndGlobal
