Microsoft Visual Studio Solution File, Format Version 10.00
# Visual Studio 2008
Project("{8BC9CEB8-8B4A-11D0-8D11-00A0C91BC942}") = "WinAPIOverride32", "WinAPIOverride32.vcproj", "{192F8A96-1A14-41BF-BF52-7637C7FA439A}"
EndProject
Project("{8BC9CEB8-8B4A-11D0-8D11-00A0C91BC942}") = "APIOverride_InjectedDLL", "..\Tools\Process\APIOverride\injected_dll\APIOverride_InjectedDLL.vcproj", "{35A57155-DE83-4EB7-A7F0-64FD76CA1DA4}"
EndProject
Project("{8BC9CEB8-8B4A-11D0-8D11-00A0C91BC942}") = "InjLibDLL", "..\Tools\Process\InjLib\Src\DLL\InjLibDLL.vcproj", "{1333E4CD-D21F-4684-AAE6-979E7D68D20E}"
EndProject
Project("{8BC9CEB8-8B4A-11D0-8D11-00A0C91BC942}") = "HookCom", "..\Tools\Process\APIOverride\HookCom\HookCom.vcproj", "{8F11D9E5-13C8-422A-903F-FDAB22423A81}"
EndProject
Project("{8BC9CEB8-8B4A-11D0-8D11-00A0C91BC942}") = "HookNet", "..\Tools\Process\APIOverride\HookNet\HookNet.vcproj", "{3E10721B-170A-489C-ADAC-06FB3E7800DD}"
EndProject
Project("{8BC9CEB8-8B4A-11D0-8D11-00A0C91BC942}") = "IATLoader", "..\Tools\Process\APIOverride\IATLoader\IATLoader.vcproj", "{64036262-AF5B-4890-83D2-60155CB6ECE8}"
EndProject
Project("{8BC9CEB8-8B4A-11D0-8D11-00A0C91BC942}") = "DllExportFinder", "..\DllExportFinder\DllExportFinder.vcproj", "{58B7EB60-2273-443F-8737-ECB67F712126}"
EndProject
Project("{8BC9CEB8-8B4A-11D0-8D11-00A0C91BC942}") = "Dumper", "..\Dumper\Dumper.vcproj", "{74602576-C86D-4AD0-92C0-91D203666B24}"
EndProject
Project("{8BC9CEB8-8B4A-11D0-8D11-00A0C91BC942}") = "HeapWalker", "..\HeapWalker\HeapWalker.vcproj", "{E7897CF8-76F2-48B6-9550-BF0CFCFA4EF7}"
EndProject
Project("{8BC9CEB8-8B4A-11D0-8D11-00A0C91BC942}") = "StaticImportFinder", "..\StaticImportFinder\StaticImportFinder.vcproj", "{07E195BC-4473-4ACC-A8F3-950573719618}"
EndProject
Project("{8BC9CEB8-8B4A-11D0-8D11-00A0C91BC942}") = "StubResolver", "..\StubResolver\StubResolver.vcproj", "{31EF9D9D-3512-41E0-8E57-CD97693522C2}"
EndProject
Global
	GlobalSection(SolutionConfigurationPlatforms) = preSolution
		Debug Unicode|Win32 = Debug Unicode|Win32
		Debug|Win32 = Debug|Win32
		DebugUnicode|Win32 = DebugUnicode|Win32
		Release Unicode|Win32 = Release Unicode|Win32
		Release|Win32 = Release|Win32
		ReleaseUnicode|Win32 = ReleaseUnicode|Win32
		WinApiOverride32Debug|Win32 = WinApiOverride32Debug|Win32
		WinApiOverride32Release|Win32 = WinApiOverride32Release|Win32
		WinApiOverride32UnicodeDebug|Win32 = WinApiOverride32UnicodeDebug|Win32
		WinApiOverride32UnicodeRelease|Win32 = WinApiOverride32UnicodeRelease|Win32
	EndGlobalSection
	GlobalSection(ProjectConfigurationPlatforms) = postSolution
		{192F8A96-1A14-41BF-BF52-7637C7FA439A}.Debug Unicode|Win32.ActiveCfg = Debug|Win32
		{192F8A96-1A14-41BF-BF52-7637C7FA439A}.Debug Unicode|Win32.Build.0 = Debug|Win32
		{192F8A96-1A14-41BF-BF52-7637C7FA439A}.Debug|Win32.ActiveCfg = Debug|Win32
		{192F8A96-1A14-41BF-BF52-7637C7FA439A}.Debug|Win32.Build.0 = Debug|Win32
		{192F8A96-1A14-41BF-BF52-7637C7FA439A}.DebugUnicode|Win32.ActiveCfg = Debug|Win32
		{192F8A96-1A14-41BF-BF52-7637C7FA439A}.DebugUnicode|Win32.Build.0 = Debug|Win32
		{192F8A96-1A14-41BF-BF52-7637C7FA439A}.Release Unicode|Win32.ActiveCfg = Release|Win32
		{192F8A96-1A14-41BF-BF52-7637C7FA439A}.Release Unicode|Win32.Build.0 = Release|Win32
		{192F8A96-1A14-41BF-BF52-7637C7FA439A}.Release|Win32.ActiveCfg = Release|Win32
		{192F8A96-1A14-41BF-BF52-7637C7FA439A}.Release|Win32.Build.0 = Release|Win32
		{192F8A96-1A14-41BF-BF52-7637C7FA439A}.ReleaseUnicode|Win32.ActiveCfg = Release|Win32
		{192F8A96-1A14-41BF-BF52-7637C7FA439A}.ReleaseUnicode|Win32.Build.0 = Release|Win32
		{192F8A96-1A14-41BF-BF52-7637C7FA439A}.WinApiOverride32Debug|Win32.ActiveCfg = WinApiOverride32Debug|Win32
		{192F8A96-1A14-41BF-BF52-7637C7FA439A}.WinApiOverride32Debug|Win32.Build.0 = WinApiOverride32Debug|Win32
		{192F8A96-1A14-41BF-BF52-7637C7FA439A}.WinApiOverride32Release|Win32.ActiveCfg = WinApiOverride32Release|Win32
		{192F8A96-1A14-41BF-BF52-7637C7FA439A}.WinApiOverride32Release|Win32.Build.0 = WinApiOverride32Release|Win32
		{192F8A96-1A14-41BF-BF52-7637C7FA439A}.WinApiOverride32UnicodeDebug|Win32.ActiveCfg = WinApiOverride32UnicodeDebug|Win32
		{192F8A96-1A14-41BF-BF52-7637C7FA439A}.WinApiOverride32UnicodeDebug|Win32.Build.0 = WinApiOverride32UnicodeDebug|Win32
		{192F8A96-1A14-41BF-BF52-7637C7FA439A}.WinApiOverride32UnicodeRelease|Win32.ActiveCfg = WinApiOverride32UnicodeRelease|Win32
		{192F8A96-1A14-41BF-BF52-7637C7FA439A}.WinApiOverride32UnicodeRelease|Win32.Build.0 = WinApiOverride32UnicodeRelease|Win32
		{35A57155-DE83-4EB7-A7F0-64FD76CA1DA4}.Debug Unicode|Win32.ActiveCfg = Debug|Win32
		{35A57155-DE83-4EB7-A7F0-64FD76CA1DA4}.Debug Unicode|Win32.Build.0 = Debug|Win32
		{35A57155-DE83-4EB7-A7F0-64FD76CA1DA4}.Debug|Win32.ActiveCfg = Debug|Win32
		{35A57155-DE83-4EB7-A7F0-64FD76CA1DA4}.Debug|Win32.Build.0 = Debug|Win32
		{35A57155-DE83-4EB7-A7F0-64FD76CA1DA4}.DebugUnicode|Win32.ActiveCfg = Debug|Win32
		{35A57155-DE83-4EB7-A7F0-64FD76CA1DA4}.DebugUnicode|Win32.Build.0 = Debug|Win32
		{35A57155-DE83-4EB7-A7F0-64FD76CA1DA4}.Release Unicode|Win32.ActiveCfg = Release|Win32
		{35A57155-DE83-4EB7-A7F0-64FD76CA1DA4}.Release Unicode|Win32.Build.0 = Release|Win32
		{35A57155-DE83-4EB7-A7F0-64FD76CA1DA4}.Release|Win32.ActiveCfg = Release|Win32
		{35A57155-DE83-4EB7-A7F0-64FD76CA1DA4}.Release|Win32.Build.0 = Release|Win32
		{35A57155-DE83-4EB7-A7F0-64FD76CA1DA4}.ReleaseUnicode|Win32.ActiveCfg = Release|Win32
		{35A57155-DE83-4EB7-A7F0-64FD76CA1DA4}.ReleaseUnicode|Win32.Build.0 = Release|Win32
		{35A57155-DE83-4EB7-A7F0-64FD76CA1DA4}.WinApiOverride32Debug|Win32.ActiveCfg = WinApiOverride32Debug|Win32
		{35A57155-DE83-4EB7-A7F0-64FD76CA1DA4}.WinApiOverride32Debug|Win32.Build.0 = WinApiOverride32Debug|Win32
		{35A57155-DE83-4EB7-A7F0-64FD76CA1DA4}.WinApiOverride32Release|Win32.ActiveCfg = WinApiOverride32Release|Win32
		{35A57155-DE83-4EB7-A7F0-64FD76CA1DA4}.WinApiOverride32Release|Win32.Build.0 = WinApiOverride32Release|Win32
		{35A57155-DE83-4EB7-A7F0-64FD76CA1DA4}.WinApiOverride32UnicodeDebug|Win32.ActiveCfg = WinApiOverride32UnicodeDebug|Win32
		{35A57155-DE83-4EB7-A7F0-64FD76CA1DA4}.WinApiOverride32UnicodeDebug|Win32.Build.0 = WinApiOverride32UnicodeDebug|Win32
		{35A57155-DE83-4EB7-A7F0-64FD76CA1DA4}.WinApiOverride32UnicodeRelease|Win32.ActiveCfg = WinApiOverride32UnicodeRelease|Win32
		{35A57155-DE83-4EB7-A7F0-64FD76CA1DA4}.WinApiOverride32UnicodeRelease|Win32.Build.0 = WinApiOverride32UnicodeRelease|Win32
		{1333E4CD-D21F-4684-AAE6-979E7D68D20E}.Debug Unicode|Win32.ActiveCfg = DebugUnicode|Win32
		{1333E4CD-D21F-4684-AAE6-979E7D68D20E}.Debug Unicode|Win32.Build.0 = DebugUnicode|Win32
		{1333E4CD-D21F-4684-AAE6-979E7D68D20E}.Debug|Win32.ActiveCfg = Debug|Win32
		{1333E4CD-D21F-4684-AAE6-979E7D68D20E}.Debug|Win32.Build.0 = Debug|Win32
		{1333E4CD-D21F-4684-AAE6-979E7D68D20E}.DebugUnicode|Win32.ActiveCfg = DebugUnicode|Win32
		{1333E4CD-D21F-4684-AAE6-979E7D68D20E}.DebugUnicode|Win32.Build.0 = DebugUnicode|Win32
		{1333E4CD-D21F-4684-AAE6-979E7D68D20E}.Release Unicode|Win32.ActiveCfg = ReleaseUnicode|Win32
		{1333E4CD-D21F-4684-AAE6-979E7D68D20E}.Release Unicode|Win32.Build.0 = ReleaseUnicode|Win32
		{1333E4CD-D21F-4684-AAE6-979E7D68D20E}.Release|Win32.ActiveCfg = Release|Win32
		{1333E4CD-D21F-4684-AAE6-979E7D68D20E}.Release|Win32.Build.0 = Release|Win32
		{1333E4CD-D21F-4684-AAE6-979E7D68D20E}.ReleaseUnicode|Win32.ActiveCfg = ReleaseUnicode|Win32
		{1333E4CD-D21F-4684-AAE6-979E7D68D20E}.ReleaseUnicode|Win32.Build.0 = ReleaseUnicode|Win32
		{1333E4CD-D21F-4684-AAE6-979E7D68D20E}.WinApiOverride32Debug|Win32.ActiveCfg = WinApiOverride32Debug|Win32
		{1333E4CD-D21F-4684-AAE6-979E7D68D20E}.WinApiOverride32Debug|Win32.Build.0 = WinApiOverride32Debug|Win32
		{1333E4CD-D21F-4684-AAE6-979E7D68D20E}.WinApiOverride32Release|Win32.ActiveCfg = WinApiOverride32Release|Win32
		{1333E4CD-D21F-4684-AAE6-979E7D68D20E}.WinApiOverride32Release|Win32.Build.0 = WinApiOverride32Release|Win32
		{1333E4CD-D21F-4684-AAE6-979E7D68D20E}.WinApiOverride32UnicodeDebug|Win32.ActiveCfg = WinApiOverride32UnicodeDebug|Win32
		{1333E4CD-D21F-4684-AAE6-979E7D68D20E}.WinApiOverride32UnicodeDebug|Win32.Build.0 = WinApiOverride32UnicodeDebug|Win32
		{1333E4CD-D21F-4684-AAE6-979E7D68D20E}.WinApiOverride32UnicodeRelease|Win32.ActiveCfg = WinApiOverride32UnicodeRelease|Win32
		{1333E4CD-D21F-4684-AAE6-979E7D68D20E}.WinApiOverride32UnicodeRelease|Win32.Build.0 = WinApiOverride32UnicodeRelease|Win32
		{8F11D9E5-13C8-422A-903F-FDAB22423A81}.Debug Unicode|Win32.ActiveCfg = Debug|Win32
		{8F11D9E5-13C8-422A-903F-FDAB22423A81}.Debug Unicode|Win32.Build.0 = Debug|Win32
		{8F11D9E5-13C8-422A-903F-FDAB22423A81}.Debug|Win32.ActiveCfg = Debug|Win32
		{8F11D9E5-13C8-422A-903F-FDAB22423A81}.Debug|Win32.Build.0 = Debug|Win32
		{8F11D9E5-13C8-422A-903F-FDAB22423A81}.DebugUnicode|Win32.ActiveCfg = Debug|Win32
		{8F11D9E5-13C8-422A-903F-FDAB22423A81}.DebugUnicode|Win32.Build.0 = Debug|Win32
		{8F11D9E5-13C8-422A-903F-FDAB22423A81}.Release Unicode|Win32.ActiveCfg = Release|Win32
		{8F11D9E5-13C8-422A-903F-FDAB22423A81}.Release Unicode|Win32.Build.0 = Release|Win32
		{8F11D9E5-13C8-422A-903F-FDAB22423A81}.Release|Win32.ActiveCfg = Release|Win32
		{8F11D9E5-13C8-422A-903F-FDAB22423A81}.Release|Win32.Build.0 = Release|Win32
		{8F11D9E5-13C8-422A-903F-FDAB22423A81}.ReleaseUnicode|Win32.ActiveCfg = Release|Win32
		{8F11D9E5-13C8-422A-903F-FDAB22423A81}.ReleaseUnicode|Win32.Build.0 = Release|Win32
		{8F11D9E5-13C8-422A-903F-FDAB22423A81}.WinApiOverride32Debug|Win32.ActiveCfg = WinApiOverride32Debug|Win32
		{8F11D9E5-13C8-422A-903F-FDAB22423A81}.WinApiOverride32Debug|Win32.Build.0 = WinApiOverride32Debug|Win32
		{8F11D9E5-13C8-422A-903F-FDAB22423A81}.WinApiOverride32Release|Win32.ActiveCfg = WinApiOverride32Release|Win32
		{8F11D9E5-13C8-422A-903F-FDAB22423A81}.WinApiOverride32Release|Win32.Build.0 = WinApiOverride32Release|Win32
		{8F11D9E5-13C8-422A-903F-FDAB22423A81}.WinApiOverride32UnicodeDebug|Win32.ActiveCfg = WinApiOverride32UnicodeDebug|Win32
		{8F11D9E5-13C8-422A-903F-FDAB22423A81}.WinApiOverride32UnicodeDebug|Win32.Build.0 = WinApiOverride32UnicodeDebug|Win32
		{8F11D9E5-13C8-422A-903F-FDAB22423A81}.WinApiOverride32UnicodeRelease|Win32.ActiveCfg = WinApiOverride32UnicodeRelease|Win32
		{8F11D9E5-13C8-422A-903F-FDAB22423A81}.WinApiOverride32UnicodeRelease|Win32.Build.0 = WinApiOverride32UnicodeRelease|Win32
		{3E10721B-170A-489C-ADAC-06FB3E7800DD}.Debug Unicode|Win32.ActiveCfg = Debug|Win32
		{3E10721B-170A-489C-ADAC-06FB3E7800DD}.Debug Unicode|Win32.Build.0 = Debug|Win32
		{3E10721B-170A-489C-ADAC-06FB3E7800DD}.Debug|Win32.ActiveCfg = Debug|Win32
		{3E10721B-170A-489C-ADAC-06FB3E7800DD}.Debug|Win32.Build.0 = Debug|Win32
		{3E10721B-170A-489C-ADAC-06FB3E7800DD}.DebugUnicode|Win32.ActiveCfg = Debug|Win32
		{3E10721B-170A-489C-ADAC-06FB3E7800DD}.DebugUnicode|Win32.Build.0 = Debug|Win32
		{3E10721B-170A-489C-ADAC-06FB3E7800DD}.Release Unicode|Win32.ActiveCfg = Release|Win32
		{3E10721B-170A-489C-ADAC-06FB3E7800DD}.Release Unicode|Win32.Build.0 = Release|Win32
		{3E10721B-170A-489C-ADAC-06FB3E7800DD}.Release|Win32.ActiveCfg = Release|Win32
		{3E10721B-170A-489C-ADAC-06FB3E7800DD}.Release|Win32.Build.0 = Release|Win32
		{3E10721B-170A-489C-ADAC-06FB3E7800DD}.ReleaseUnicode|Win32.ActiveCfg = Release|Win32
		{3E10721B-170A-489C-ADAC-06FB3E7800DD}.ReleaseUnicode|Win32.Build.0 = Release|Win32
		{3E10721B-170A-489C-ADAC-06FB3E7800DD}.WinApiOverride32Debug|Win32.ActiveCfg = WinApiOverride32Debug|Win32
		{3E10721B-170A-489C-ADAC-06FB3E7800DD}.WinApiOverride32Debug|Win32.Build.0 = WinApiOverride32Debug|Win32
		{3E10721B-170A-489C-ADAC-06FB3E7800DD}.WinApiOverride32Release|Win32.ActiveCfg = WinApiOverride32Release|Win32
		{3E10721B-170A-489C-ADAC-06FB3E7800DD}.WinApiOverride32Release|Win32.Build.0 = WinApiOverride32Release|Win32
		{3E10721B-170A-489C-ADAC-06FB3E7800DD}.WinApiOverride32UnicodeDebug|Win32.ActiveCfg = WinApiOverride32UnicodeDebug|Win32
		{3E10721B-170A-489C-ADAC-06FB3E7800DD}.WinApiOverride32UnicodeDebug|Win32.Build.0 = WinApiOverride32UnicodeDebug|Win32
		{3E10721B-170A-489C-ADAC-06FB3E7800DD}.WinApiOverride32UnicodeRelease|Win32.ActiveCfg = WinApiOverride32UnicodeRelease|Win32
		{3E10721B-170A-489C-ADAC-06FB3E7800DD}.WinApiOverride32UnicodeRelease|Win32.Build.0 = WinApiOverride32UnicodeRelease|Win32
		{64036262-AF5B-4890-83D2-60155CB6ECE8}.Debug Unicode|Win32.ActiveCfg = Debug|Win32
		{64036262-AF5B-4890-83D2-60155CB6ECE8}.Debug Unicode|Win32.Build.0 = Debug|Win32
		{64036262-AF5B-4890-83D2-60155CB6ECE8}.Debug|Win32.ActiveCfg = Debug|Win32
		{64036262-AF5B-4890-83D2-60155CB6ECE8}.Debug|Win32.Build.0 = Debug|Win32
		{64036262-AF5B-4890-83D2-60155CB6ECE8}.DebugUnicode|Win32.ActiveCfg = Debug|Win32
		{64036262-AF5B-4890-83D2-60155CB6ECE8}.DebugUnicode|Win32.Build.0 = Debug|Win32
		{64036262-AF5B-4890-83D2-60155CB6ECE8}.Release Unicode|Win32.ActiveCfg = Release|Win32
		{64036262-AF5B-4890-83D2-60155CB6ECE8}.Release Unicode|Win32.Build.0 = Release|Win32
		{64036262-AF5B-4890-83D2-60155CB6ECE8}.Release|Win32.ActiveCfg = Release|Win32
		{64036262-AF5B-4890-83D2-60155CB6ECE8}.Release|Win32.Build.0 = Release|Win32
		{64036262-AF5B-4890-83D2-60155CB6ECE8}.ReleaseUnicode|Win32.ActiveCfg = Release|Win32
		{64036262-AF5B-4890-83D2-60155CB6ECE8}.ReleaseUnicode|Win32.Build.0 = Release|Win32
		{64036262-AF5B-4890-83D2-60155CB6ECE8}.WinApiOverride32Debug|Win32.ActiveCfg = Debug|Win32
		{64036262-AF5B-4890-83D2-60155CB6ECE8}.WinApiOverride32Debug|Win32.Build.0 = Debug|Win32
		{64036262-AF5B-4890-83D2-60155CB6ECE8}.WinApiOverride32Release|Win32.ActiveCfg = Release|Win32
		{64036262-AF5B-4890-83D2-60155CB6ECE8}.WinApiOverride32Release|Win32.Build.0 = Release|Win32
		{64036262-AF5B-4890-83D2-60155CB6ECE8}.WinApiOverride32UnicodeDebug|Win32.ActiveCfg = Debug|Win32
		{64036262-AF5B-4890-83D2-60155CB6ECE8}.WinApiOverride32UnicodeDebug|Win32.Build.0 = Debug|Win32
		{64036262-AF5B-4890-83D2-60155CB6ECE8}.WinApiOverride32UnicodeRelease|Win32.ActiveCfg = Release|Win32
		{64036262-AF5B-4890-83D2-60155CB6ECE8}.WinApiOverride32UnicodeRelease|Win32.Build.0 = Release|Win32
		{58B7EB60-2273-443F-8737-ECB67F712126}.Debug Unicode|Win32.ActiveCfg = DebugUnicode|Win32
		{58B7EB60-2273-443F-8737-ECB67F712126}.Debug Unicode|Win32.Build.0 = DebugUnicode|Win32
		{58B7EB60-2273-443F-8737-ECB67F712126}.Debug|Win32.ActiveCfg = Debug|Win32
		{58B7EB60-2273-443F-8737-ECB67F712126}.Debug|Win32.Build.0 = Debug|Win32
		{58B7EB60-2273-443F-8737-ECB67F712126}.DebugUnicode|Win32.ActiveCfg = DebugUnicode|Win32
		{58B7EB60-2273-443F-8737-ECB67F712126}.DebugUnicode|Win32.Build.0 = DebugUnicode|Win32
		{58B7EB60-2273-443F-8737-ECB67F712126}.Release Unicode|Win32.ActiveCfg = ReleaseUnicode|Win32
		{58B7EB60-2273-443F-8737-ECB67F712126}.Release Unicode|Win32.Build.0 = ReleaseUnicode|Win32
		{58B7EB60-2273-443F-8737-ECB67F712126}.Release|Win32.ActiveCfg = Release|Win32
		{58B7EB60-2273-443F-8737-ECB67F712126}.Release|Win32.Build.0 = Release|Win32
		{58B7EB60-2273-443F-8737-ECB67F712126}.ReleaseUnicode|Win32.ActiveCfg = ReleaseUnicode|Win32
		{58B7EB60-2273-443F-8737-ECB67F712126}.ReleaseUnicode|Win32.Build.0 = ReleaseUnicode|Win32
		{58B7EB60-2273-443F-8737-ECB67F712126}.WinApiOverride32Debug|Win32.ActiveCfg = Debug|Win32
		{58B7EB60-2273-443F-8737-ECB67F712126}.WinApiOverride32Debug|Win32.Build.0 = Debug|Win32
		{58B7EB60-2273-443F-8737-ECB67F712126}.WinApiOverride32Release|Win32.ActiveCfg = Release|Win32
		{58B7EB60-2273-443F-8737-ECB67F712126}.WinApiOverride32Release|Win32.Build.0 = Release|Win32
		{58B7EB60-2273-443F-8737-ECB67F712126}.WinApiOverride32UnicodeDebug|Win32.ActiveCfg = Debug|Win32
		{58B7EB60-2273-443F-8737-ECB67F712126}.WinApiOverride32UnicodeDebug|Win32.Build.0 = Debug|Win32
		{58B7EB60-2273-443F-8737-ECB67F712126}.WinApiOverride32UnicodeRelease|Win32.ActiveCfg = Release|Win32
		{58B7EB60-2273-443F-8737-ECB67F712126}.WinApiOverride32UnicodeRelease|Win32.Build.0 = Release|Win32
		{74602576-C86D-4AD0-92C0-91D203666B24}.Debug Unicode|Win32.ActiveCfg = DebugUnicode|Win32
		{74602576-C86D-4AD0-92C0-91D203666B24}.Debug Unicode|Win32.Build.0 = DebugUnicode|Win32
		{74602576-C86D-4AD0-92C0-91D203666B24}.Debug|Win32.ActiveCfg = Debug|Win32
		{74602576-C86D-4AD0-92C0-91D203666B24}.Debug|Win32.Build.0 = Debug|Win32
		{74602576-C86D-4AD0-92C0-91D203666B24}.DebugUnicode|Win32.ActiveCfg = DebugUnicode|Win32
		{74602576-C86D-4AD0-92C0-91D203666B24}.DebugUnicode|Win32.Build.0 = DebugUnicode|Win32
		{74602576-C86D-4AD0-92C0-91D203666B24}.Release Unicode|Win32.ActiveCfg = ReleaseUnicode|Win32
		{74602576-C86D-4AD0-92C0-91D203666B24}.Release Unicode|Win32.Build.0 = ReleaseUnicode|Win32
		{74602576-C86D-4AD0-92C0-91D203666B24}.Release|Win32.ActiveCfg = Release|Win32
		{74602576-C86D-4AD0-92C0-91D203666B24}.Release|Win32.Build.0 = Release|Win32
		{74602576-C86D-4AD0-92C0-91D203666B24}.ReleaseUnicode|Win32.ActiveCfg = ReleaseUnicode|Win32
		{74602576-C86D-4AD0-92C0-91D203666B24}.ReleaseUnicode|Win32.Build.0 = ReleaseUnicode|Win32
		{74602576-C86D-4AD0-92C0-91D203666B24}.WinApiOverride32Debug|Win32.ActiveCfg = Debug|Win32
		{74602576-C86D-4AD0-92C0-91D203666B24}.WinApiOverride32Debug|Win32.Build.0 = Debug|Win32
		{74602576-C86D-4AD0-92C0-91D203666B24}.WinApiOverride32Release|Win32.ActiveCfg = Release|Win32
		{74602576-C86D-4AD0-92C0-91D203666B24}.WinApiOverride32Release|Win32.Build.0 = Release|Win32
		{74602576-C86D-4AD0-92C0-91D203666B24}.WinApiOverride32UnicodeDebug|Win32.ActiveCfg = Debug|Win32
		{74602576-C86D-4AD0-92C0-91D203666B24}.WinApiOverride32UnicodeDebug|Win32.Build.0 = Debug|Win32
		{74602576-C86D-4AD0-92C0-91D203666B24}.WinApiOverride32UnicodeRelease|Win32.ActiveCfg = Release|Win32
		{74602576-C86D-4AD0-92C0-91D203666B24}.WinApiOverride32UnicodeRelease|Win32.Build.0 = Release|Win32
		{E7897CF8-76F2-48B6-9550-BF0CFCFA4EF7}.Debug Unicode|Win32.ActiveCfg = Debug Unicode|Win32
		{E7897CF8-76F2-48B6-9550-BF0CFCFA4EF7}.Debug Unicode|Win32.Build.0 = Debug Unicode|Win32
		{E7897CF8-76F2-48B6-9550-BF0CFCFA4EF7}.Debug|Win32.ActiveCfg = Debug|Win32
		{E7897CF8-76F2-48B6-9550-BF0CFCFA4EF7}.Debug|Win32.Build.0 = Debug|Win32
		{E7897CF8-76F2-48B6-9550-BF0CFCFA4EF7}.DebugUnicode|Win32.ActiveCfg = Debug Unicode|Win32
		{E7897CF8-76F2-48B6-9550-BF0CFCFA4EF7}.DebugUnicode|Win32.Build.0 = Debug Unicode|Win32
		{E7897CF8-76F2-48B6-9550-BF0CFCFA4EF7}.Release Unicode|Win32.ActiveCfg = Release Unicode|Win32
		{E7897CF8-76F2-48B6-9550-BF0CFCFA4EF7}.Release Unicode|Win32.Build.0 = Release Unicode|Win32
		{E7897CF8-76F2-48B6-9550-BF0CFCFA4EF7}.Release|Win32.ActiveCfg = Release|Win32
		{E7897CF8-76F2-48B6-9550-BF0CFCFA4EF7}.Release|Win32.Build.0 = Release|Win32
		{E7897CF8-76F2-48B6-9550-BF0CFCFA4EF7}.ReleaseUnicode|Win32.ActiveCfg = Release Unicode|Win32
		{E7897CF8-76F2-48B6-9550-BF0CFCFA4EF7}.ReleaseUnicode|Win32.Build.0 = Release Unicode|Win32
		{E7897CF8-76F2-48B6-9550-BF0CFCFA4EF7}.WinApiOverride32Debug|Win32.ActiveCfg = Debug|Win32
		{E7897CF8-76F2-48B6-9550-BF0CFCFA4EF7}.WinApiOverride32Debug|Win32.Build.0 = Debug|Win32
		{E7897CF8-76F2-48B6-9550-BF0CFCFA4EF7}.WinApiOverride32Release|Win32.ActiveCfg = Release|Win32
		{E7897CF8-76F2-48B6-9550-BF0CFCFA4EF7}.WinApiOverride32Release|Win32.Build.0 = Release|Win32
		{E7897CF8-76F2-48B6-9550-BF0CFCFA4EF7}.WinApiOverride32UnicodeDebug|Win32.ActiveCfg = Debug|Win32
		{E7897CF8-76F2-48B6-9550-BF0CFCFA4EF7}.WinApiOverride32UnicodeDebug|Win32.Build.0 = Debug|Win32
		{E7897CF8-76F2-48B6-9550-BF0CFCFA4EF7}.WinApiOverride32UnicodeRelease|Win32.ActiveCfg = Release|Win32
		{E7897CF8-76F2-48B6-9550-BF0CFCFA4EF7}.WinApiOverride32UnicodeRelease|Win32.Build.0 = Release|Win32
		{07E195BC-4473-4ACC-A8F3-950573719618}.Debug Unicode|Win32.ActiveCfg = DebugUnicode|Win32
		{07E195BC-4473-4ACC-A8F3-950573719618}.Debug Unicode|Win32.Build.0 = DebugUnicode|Win32
		{07E195BC-4473-4ACC-A8F3-950573719618}.Debug|Win32.ActiveCfg = Debug|Win32
		{07E195BC-4473-4ACC-A8F3-950573719618}.Debug|Win32.Build.0 = Debug|Win32
		{07E195BC-4473-4ACC-A8F3-950573719618}.DebugUnicode|Win32.ActiveCfg = DebugUnicode|Win32
		{07E195BC-4473-4ACC-A8F3-950573719618}.DebugUnicode|Win32.Build.0 = DebugUnicode|Win32
		{07E195BC-4473-4ACC-A8F3-950573719618}.Release Unicode|Win32.ActiveCfg = ReleaseUnicode|Win32
		{07E195BC-4473-4ACC-A8F3-950573719618}.Release Unicode|Win32.Build.0 = ReleaseUnicode|Win32
		{07E195BC-4473-4ACC-A8F3-950573719618}.Release|Win32.ActiveCfg = Release|Win32
		{07E195BC-4473-4ACC-A8F3-950573719618}.Release|Win32.Build.0 = Release|Win32
		{07E195BC-4473-4ACC-A8F3-950573719618}.ReleaseUnicode|Win32.ActiveCfg = ReleaseUnicode|Win32
		{07E195BC-4473-4ACC-A8F3-950573719618}.ReleaseUnicode|Win32.Build.0 = ReleaseUnicode|Win32
		{07E195BC-4473-4ACC-A8F3-950573719618}.WinApiOverride32Debug|Win32.ActiveCfg = Debug|Win32
		{07E195BC-4473-4ACC-A8F3-950573719618}.WinApiOverride32Debug|Win32.Build.0 = Debug|Win32
		{07E195BC-4473-4ACC-A8F3-950573719618}.WinApiOverride32Release|Win32.ActiveCfg = Release|Win32
		{07E195BC-4473-4ACC-A8F3-950573719618}.WinApiOverride32Release|Win32.Build.0 = Release|Win32
		{07E195BC-4473-4ACC-A8F3-950573719618}.WinApiOverride32UnicodeDebug|Win32.ActiveCfg = Debug|Win32
		{07E195BC-4473-4ACC-A8F3-950573719618}.WinApiOverride32UnicodeDebug|Win32.Build.0 = Debug|Win32
		{07E195BC-4473-4ACC-A8F3-950573719618}.WinApiOverride32UnicodeRelease|Win32.ActiveCfg = Release|Win32
		{07E195BC-4473-4ACC-A8F3-950573719618}.WinApiOverride32UnicodeRelease|Win32.Build.0 = Release|Win32
		{31EF9D9D-3512-41E0-8E57-CD97693522C2}.Debug Unicode|Win32.ActiveCfg = Debug|Win32
		{31EF9D9D-3512-41E0-8E57-CD97693522C2}.Debug Unicode|Win32.Build.0 = Debug|Win32
		{31EF9D9D-3512-41E0-8E57-CD97693522C2}.Debug|Win32.ActiveCfg = Debug|Win32
		{31EF9D9D-3512-41E0-8E57-CD97693522C2}.Debug|Win32.Build.0 = Debug|Win32
		{31EF9D9D-3512-41E0-8E57-CD97693522C2}.DebugUnicode|Win32.ActiveCfg = Debug|Win32
		{31EF9D9D-3512-41E0-8E57-CD97693522C2}.DebugUnicode|Win32.Build.0 = Debug|Win32
		{31EF9D9D-3512-41E0-8E57-CD97693522C2}.Release Unicode|Win32.ActiveCfg = Release|Win32
		{31EF9D9D-3512-41E0-8E57-CD97693522C2}.Release Unicode|Win32.Build.0 = Release|Win32
		{31EF9D9D-3512-41E0-8E57-CD97693522C2}.Release|Win32.ActiveCfg = Release|Win32
		{31EF9D9D-3512-41E0-8E57-CD97693522C2}.Release|Win32.Build.0 = Release|Win32
		{31EF9D9D-3512-41E0-8E57-CD97693522C2}.ReleaseUnicode|Win32.ActiveCfg = Release|Win32
		{31EF9D9D-3512-41E0-8E57-CD97693522C2}.ReleaseUnicode|Win32.Build.0 = Release|Win32
		{31EF9D9D-3512-41E0-8E57-CD97693522C2}.WinApiOverride32Debug|Win32.ActiveCfg = Debug|Win32
		{31EF9D9D-3512-41E0-8E57-CD97693522C2}.WinApiOverride32Debug|Win32.Build.0 = Debug|Win32
		{31EF9D9D-3512-41E0-8E57-CD97693522C2}.WinApiOverride32Release|Win32.ActiveCfg = Release|Win32
		{31EF9D9D-3512-41E0-8E57-CD97693522C2}.WinApiOverride32Release|Win32.Build.0 = Release|Win32
		{31EF9D9D-3512-41E0-8E57-CD97693522C2}.WinApiOverride32UnicodeDebug|Win32.ActiveCfg = Debug|Win32
		{31EF9D9D-3512-41E0-8E57-CD97693522C2}.WinApiOverride32UnicodeDebug|Win32.Build.0 = Debug|Win32
		{31EF9D9D-3512-41E0-8E57-CD97693522C2}.WinApiOverride32UnicodeRelease|Win32.ActiveCfg = Release|Win32
		{31EF9D9D-3512-41E0-8E57-CD97693522C2}.WinApiOverride32UnicodeRelease|Win32.Build.0 = Release|Win32
	EndGlobalSection
	GlobalSection(SolutionProperties) = preSolution
		HideSolutionNode = FALSE
	EndGlobalSection
	GlobalSection(DPCodeReviewSolutionGUID) = preSolution
		DPCodeReviewSolutionGUID = {00000000-0000-0000-0000-000000000000}
	EndGlobalSection
EndGlobal
