
Microsoft Visual Studio Solution File, Format Version 10.00
# Visual Studio 2008
Project("{8BC9CEB8-8B4A-11D0-8D11-00A0C91BC942}") = "HookCom", "HookCom.vcproj", "{8F11D9E5-13C8-422A-903F-FDAB22423A81}"
EndProject
Global
	GlobalSection(SolutionConfigurationPlatforms) = preSolution
		Debug|Win32 = Debug|Win32
		Release|Win32 = Release|Win32
		WinApiOverride32Debug|Win32 = WinApiOverride32Debug|Win32
		WinApiOverride32Release|Win32 = WinApiOverride32Release|Win32
		WinApiOverride32UnicodeDebug|Win32 = WinApiOverride32UnicodeDebug|Win32
		WinApiOverride32UnicodeRelease|Win32 = WinApiOverride32UnicodeRelease|Win32
	EndGlobalSection
	GlobalSection(ProjectConfigurationPlatforms) = postSolution
		{8F11D9E5-13C8-422A-903F-FDAB22423A81}.Debug|Win32.ActiveCfg = Debug|Win32
		{8F11D9E5-13C8-422A-903F-FDAB22423A81}.Debug|Win32.Build.0 = Debug|Win32
		{8F11D9E5-13C8-422A-903F-FDAB22423A81}.Release|Win32.ActiveCfg = Release|Win32
		{8F11D9E5-13C8-422A-903F-FDAB22423A81}.Release|Win32.Build.0 = Release|Win32
		{8F11D9E5-13C8-422A-903F-FDAB22423A81}.WinApiOverride32Debug|Win32.ActiveCfg = WinApiOverride32Debug|Win32
		{8F11D9E5-13C8-422A-903F-FDAB22423A81}.WinApiOverride32Debug|Win32.Build.0 = WinApiOverride32Debug|Win32
		{8F11D9E5-13C8-422A-903F-FDAB22423A81}.WinApiOverride32Release|Win32.ActiveCfg = WinApiOverride32Release|Win32
		{8F11D9E5-13C8-422A-903F-FDAB22423A81}.WinApiOverride32Release|Win32.Build.0 = WinApiOverride32Release|Win32
		{8F11D9E5-13C8-422A-903F-FDAB22423A81}.WinApiOverride32UnicodeDebug|Win32.ActiveCfg = WinApiOverride32UnicodeDebug|Win32
		{8F11D9E5-13C8-422A-903F-FDAB22423A81}.WinApiOverride32UnicodeDebug|Win32.Build.0 = WinApiOverride32UnicodeDebug|Win32
		{8F11D9E5-13C8-422A-903F-FDAB22423A81}.WinApiOverride32UnicodeRelease|Win32.ActiveCfg = WinApiOverride32UnicodeRelease|Win32
		{8F11D9E5-13C8-422A-903F-FDAB22423A81}.WinApiOverride32UnicodeRelease|Win32.Build.0 = WinApiOverride32UnicodeRelease|Win32
	EndGlobalSection
	GlobalSection(SolutionProperties) = preSolution
		HideSolutionNode = FALSE
	EndGlobalSection
EndGlobal
