
Microsoft Visual Studio Solution File, Format Version 9.00
# Visual Studio 2005
Project("{8BC9CEB8-8B4A-11D0-8D11-00A0C91BC942}") = "Mouse", "MouseHook\MouseHook.vcproj", "{9B879D0D-BE8E-4F47-8645-EDA37D7CE70C}"
EndProject
Project("{8BC9CEB8-8B4A-11D0-8D11-00A0C91BC942}") = "test", "test\test.vcproj", "{13E5F17D-B561-4284-934C-D2185CBB9CBD}"
	ProjectSection(ProjectDependencies) = postProject
		{9B879D0D-BE8E-4F47-8645-EDA37D7CE70C} = {9B879D0D-BE8E-4F47-8645-EDA37D7CE70C}
	EndProjectSection
EndProject
Global
	GlobalSection(SolutionConfigurationPlatforms) = preSolution
		Debug|Win32 = Debug|Win32
		Release|Win32 = Release|Win32
	EndGlobalSection
	GlobalSection(ProjectConfigurationPlatforms) = postSolution
		{9B879D0D-BE8E-4F47-8645-EDA37D7CE70C}.Debug|Win32.ActiveCfg = Debug|Win32
		{9B879D0D-BE8E-4F47-8645-EDA37D7CE70C}.Debug|Win32.Build.0 = Debug|Win32
		{9B879D0D-BE8E-4F47-8645-EDA37D7CE70C}.Release|Win32.ActiveCfg = Release|Win32
		{9B879D0D-BE8E-4F47-8645-EDA37D7CE70C}.Release|Win32.Build.0 = Release|Win32
		{13E5F17D-B561-4284-934C-D2185CBB9CBD}.Debug|Win32.ActiveCfg = Debug|Win32
		{13E5F17D-B561-4284-934C-D2185CBB9CBD}.Debug|Win32.Build.0 = Debug|Win32
		{13E5F17D-B561-4284-934C-D2185CBB9CBD}.Release|Win32.ActiveCfg = Release|Win32
		{13E5F17D-B561-4284-934C-D2185CBB9CBD}.Release|Win32.Build.0 = Release|Win32
	EndGlobalSection
	GlobalSection(SolutionProperties) = preSolution
		HideSolutionNode = FALSE
	EndGlobalSection
EndGlobal
