
Microsoft Visual Studio Solution File, Format Version 10.00
# Visual Studio 2008
Project("{8BC9CEB8-8B4A-11D0-8D11-00A0C91BC942}") = "WSAEventSelect", "WSAEventSelect.vcproj", "{9030C258-ED6D-4D52-B9DF-57C96DB91045}"
EndProject
Global
	GlobalSection(SolutionConfigurationPlatforms) = preSolution
		Debug|Win32 = Debug|Win32
		Release|Win32 = Release|Win32
	EndGlobalSection
	GlobalSection(ProjectConfigurationPlatforms) = postSolution
		{9030C258-ED6D-4D52-B9DF-57C96DB91045}.Debug|Win32.ActiveCfg = Debug|Win32
		{9030C258-ED6D-4D52-B9DF-57C96DB91045}.Debug|Win32.Build.0 = Debug|Win32
		{9030C258-ED6D-4D52-B9DF-57C96DB91045}.Release|Win32.ActiveCfg = Release|Win32
		{9030C258-ED6D-4D52-B9DF-57C96DB91045}.Release|Win32.Build.0 = Release|Win32
	EndGlobalSection
	GlobalSection(SolutionProperties) = preSolution
		HideSolutionNode = FALSE
	EndGlobalSection
EndGlobal
