
Microsoft Visual Studio Solution File, Format Version 9.00
# Visual Studio 2005
Project("{8BC9CEB8-8B4A-11D0-8D11-00A0C91BC942}") = "codeinject", "codeinject.vcproj", "{3D364A99-052C-4916-AACC-008453F2F347}"
EndProject
Global
	GlobalSection(SolutionConfigurationPlatforms) = preSolution
		Debug|Win32 = Debug|Win32
		Release|Win32 = Release|Win32
	EndGlobalSection
	GlobalSection(ProjectConfigurationPlatforms) = postSolution
		{3D364A99-052C-4916-AACC-008453F2F347}.Debug|Win32.ActiveCfg = Debug|Win32
		{3D364A99-052C-4916-AACC-008453F2F347}.Debug|Win32.Build.0 = Debug|Win32
		{3D364A99-052C-4916-AACC-008453F2F347}.Release|Win32.ActiveCfg = Release|Win32
		{3D364A99-052C-4916-AACC-008453F2F347}.Release|Win32.Build.0 = Release|Win32
	EndGlobalSection
	GlobalSection(SolutionProperties) = preSolution
		HideSolutionNode = FALSE
	EndGlobalSection
EndGlobal
