Microsoft Visual Studio Solution File, Format Version 10.00
# Visual Studio 2008
Project("{8BC9CEB8-8B4A-11D0-8D11-00A0C91BC942}") = "MonitoringFileBuilder", "MonitoringFileBuilder.vcproj", "{A09410BA-8910-4187-8973-BBA3A7B16FC2}"
	ProjectSection(ProjectDependencies) = postProject
		{17952696-EEBA-4BC1-BC4F-037439D909F1} = {17952696-EEBA-4BC1-BC4F-037439D909F1}
	EndProjectSection
EndProject
Project("{8BC9CEB8-8B4A-11D0-8D11-00A0C91BC942}") = "FindStackSizeByCall", "FindStackSizeByCall\FindStackSizeByCall.vcproj", "{17952696-EEBA-4BC1-BC4F-037439D909F1}"
EndProject
Global
	GlobalSection(SolutionConfigurationPlatforms) = preSolution
		Debug|Win32 = Debug|Win32
		DebugUnicode|Win32 = DebugUnicode|Win32
		Release|Win32 = Release|Win32
		ReleaseUnicode|Win32 = ReleaseUnicode|Win32
	EndGlobalSection
	GlobalSection(ProjectConfigurationPlatforms) = postSolution
		{A09410BA-8910-4187-8973-BBA3A7B16FC2}.Debug|Win32.ActiveCfg = Debug|Win32
		{A09410BA-8910-4187-8973-BBA3A7B16FC2}.Debug|Win32.Build.0 = Debug|Win32
		{A09410BA-8910-4187-8973-BBA3A7B16FC2}.DebugUnicode|Win32.ActiveCfg = DebugUnicode|Win32
		{A09410BA-8910-4187-8973-BBA3A7B16FC2}.DebugUnicode|Win32.Build.0 = DebugUnicode|Win32
		{A09410BA-8910-4187-8973-BBA3A7B16FC2}.Release|Win32.ActiveCfg = Release|Win32
		{A09410BA-8910-4187-8973-BBA3A7B16FC2}.Release|Win32.Build.0 = Release|Win32
		{A09410BA-8910-4187-8973-BBA3A7B16FC2}.ReleaseUnicode|Win32.ActiveCfg = ReleaseUnicode|Win32
		{A09410BA-8910-4187-8973-BBA3A7B16FC2}.ReleaseUnicode|Win32.Build.0 = ReleaseUnicode|Win32
		{17952696-EEBA-4BC1-BC4F-037439D909F1}.Debug|Win32.ActiveCfg = Debug|Win32
		{17952696-EEBA-4BC1-BC4F-037439D909F1}.Debug|Win32.Build.0 = Debug|Win32
		{17952696-EEBA-4BC1-BC4F-037439D909F1}.DebugUnicode|Win32.ActiveCfg = DebugUnicode|Win32
		{17952696-EEBA-4BC1-BC4F-037439D909F1}.DebugUnicode|Win32.Build.0 = DebugUnicode|Win32
		{17952696-EEBA-4BC1-BC4F-037439D909F1}.Release|Win32.ActiveCfg = Release|Win32
		{17952696-EEBA-4BC1-BC4F-037439D909F1}.Release|Win32.Build.0 = Release|Win32
		{17952696-EEBA-4BC1-BC4F-037439D909F1}.ReleaseUnicode|Win32.ActiveCfg = ReleaseUnicode|Win32
		{17952696-EEBA-4BC1-BC4F-037439D909F1}.ReleaseUnicode|Win32.Build.0 = ReleaseUnicode|Win32
	EndGlobalSection
	GlobalSection(SolutionProperties) = preSolution
		HideSolutionNode = FALSE
	EndGlobalSection
	GlobalSection(DPCodeReviewSolutionGUID) = preSolution
		DPCodeReviewSolutionGUID = {00000000-0000-0000-0000-000000000000}
	EndGlobalSection
EndGlobal
