Microsoft Visual Studio Solution File, Format Version 10.00
# Visual Studio 2008
Project("{8BC9CEB8-8B4A-11D0-8D11-00A0C91BC942}") = "SoftSnoop", "SoftSnoop.vcproj", "{251C1933-AE0C-4322-850F-FF861EF7F5AC}"
EndProject
Global
	GlobalSection(SolutionConfigurationPlatforms) = preSolution
		Debug|Win32 = Debug|Win32
		Release|Win32 = Release|Win32
	EndGlobalSection
	GlobalSection(ProjectConfigurationPlatforms) = postSolution
		{251C1933-AE0C-4322-850F-FF861EF7F5AC}.Debug|Win32.ActiveCfg = Debug|Win32
		{251C1933-AE0C-4322-850F-FF861EF7F5AC}.Debug|Win32.Build.0 = Debug|Win32
		{251C1933-AE0C-4322-850F-FF861EF7F5AC}.Release|Win32.ActiveCfg = Release|Win32
		{251C1933-AE0C-4322-850F-FF861EF7F5AC}.Release|Win32.Build.0 = Release|Win32
	EndGlobalSection
	GlobalSection(SolutionProperties) = preSolution
		HideSolutionNode = FALSE
	EndGlobalSection
EndGlobal
