
Microsoft Visual Studio Solution File, Format Version 10.00
# Visual Studio 2008
Project("{8BC9CEB8-8B4A-11D0-8D11-00A0C91BC942}") = "MistDEF", "MistDEF\MistDEF.vcproj", "{8F91AD21-B81F-48EE-AEC9-83C7F40F450A}"
EndProject
Global
	GlobalSection(SolutionConfigurationPlatforms) = preSolution
		Debug|Win32 = Debug|Win32
		Release|Win32 = Release|Win32
	EndGlobalSection
	GlobalSection(ProjectConfigurationPlatforms) = postSolution
		{8F91AD21-B81F-48EE-AEC9-83C7F40F450A}.Debug|Win32.ActiveCfg = Debug|Win32
		{8F91AD21-B81F-48EE-AEC9-83C7F40F450A}.Debug|Win32.Build.0 = Debug|Win32
		{8F91AD21-B81F-48EE-AEC9-83C7F40F450A}.Release|Win32.ActiveCfg = Release|Win32
		{8F91AD21-B81F-48EE-AEC9-83C7F40F450A}.Release|Win32.Build.0 = Release|Win32
	EndGlobalSection
	GlobalSection(SolutionProperties) = preSolution
		HideSolutionNode = FALSE
	EndGlobalSection
EndGlobal
