
Microsoft Visual Studio Solution File, Format Version 10.00
# Visual Studio 2008
Project("{8BC9CEB8-8B4A-11D0-8D11-00A0C91BC942}") = "R3Dbg", "R3Dbg.vcproj", "{ABB1F3CF-FD46-4269-A715-F2D83E3B5847}"
EndProject
Global
	GlobalSection(SolutionConfigurationPlatforms) = preSolution
		Debug|Win32 = Debug|Win32
		Release|Win32 = Release|Win32
	EndGlobalSection
	GlobalSection(ProjectConfigurationPlatforms) = postSolution
		{ABB1F3CF-FD46-4269-A715-F2D83E3B5847}.Debug|Win32.ActiveCfg = Debug|Win32
		{ABB1F3CF-FD46-4269-A715-F2D83E3B5847}.Debug|Win32.Build.0 = Debug|Win32
		{ABB1F3CF-FD46-4269-A715-F2D83E3B5847}.Release|Win32.ActiveCfg = Release|Win32
		{ABB1F3CF-FD46-4269-A715-F2D83E3B5847}.Release|Win32.Build.0 = Release|Win32
	EndGlobalSection
	GlobalSection(SolutionProperties) = preSolution
		HideSolutionNode = FALSE
	EndGlobalSection
EndGlobal
