
Microsoft Visual Studio Solution File, Format Version 10.00
# Visual Studio 2008
Project("{8BC9CEB8-8B4A-11D0-8D11-00A0C91BC942}") = "SpoofArp", "SpoofArp.vcproj", "{C3D86C57-D995-42DB-8321-1E9404E7AA8F}"
EndProject
Global
	GlobalSection(SolutionConfigurationPlatforms) = preSolution
		Debug|Win32 = Debug|Win32
		Release|Win32 = Release|Win32
	EndGlobalSection
	GlobalSection(ProjectConfigurationPlatforms) = postSolution
		{C3D86C57-D995-42DB-8321-1E9404E7AA8F}.Debug|Win32.ActiveCfg = Debug|Win32
		{C3D86C57-D995-42DB-8321-1E9404E7AA8F}.Debug|Win32.Build.0 = Debug|Win32
		{C3D86C57-D995-42DB-8321-1E9404E7AA8F}.Release|Win32.ActiveCfg = Release|Win32
		{C3D86C57-D995-42DB-8321-1E9404E7AA8F}.Release|Win32.Build.0 = Release|Win32
	EndGlobalSection
	GlobalSection(SolutionProperties) = preSolution
		HideSolutionNode = FALSE
	EndGlobalSection
EndGlobal
