Microsoft Visual Studio Solution File, Format Version 8.00
Project("{8BC9CEB8-8B4A-11D0-8D11-00A0C91BC942}") = "KernelMemoryAccess", "KernelMemoryAccess.vcproj", "{6519AEAC-1E36-40C6-AF8E-8AD6577535DC}"
	ProjectSection(ProjectDependencies) = postProject
	EndProjectSection
EndProject
Global
	GlobalSection(DPCodeReviewSolutionGUID) = preSolution
		DPCodeReviewSolutionGUID = {00000000-0000-0000-0000-000000000000}
	EndGlobalSection
	GlobalSection(SolutionConfiguration) = preSolution
		Debug = Debug
		Release = Release
	EndGlobalSection
	GlobalSection(ProjectConfiguration) = postSolution
		{6519AEAC-1E36-40C6-AF8E-8AD6577535DC}.Debug.ActiveCfg = Debug|Win32
		{6519AEAC-1E36-40C6-AF8E-8AD6577535DC}.Debug.Build.0 = Debug|Win32
		{6519AEAC-1E36-40C6-AF8E-8AD6577535DC}.Release.ActiveCfg = Release|Win32
		{6519AEAC-1E36-40C6-AF8E-8AD6577535DC}.Release.Build.0 = Release|Win32
	EndGlobalSection
	GlobalSection(ExtensibilityGlobals) = postSolution
	EndGlobalSection
	GlobalSection(ExtensibilityAddIns) = postSolution
	EndGlobalSection
EndGlobal
