
Microsoft Visual Studio Solution File, Format Version 10.00
# Visual Studio 2008
Project("{8BC9CEB8-8B4A-11D0-8D11-00A0C91BC942}") = "XBox", "XBox\XBox.vcproj", "{B3DF929F-AE6E-44B5-A432-6D7FD0A53447}"
EndProject
Global
	GlobalSection(SolutionConfigurationPlatforms) = preSolution
		Debug|Win32 = Debug|Win32
		Release|Win32 = Release|Win32
	EndGlobalSection
	GlobalSection(ProjectConfigurationPlatforms) = postSolution
		{B3DF929F-AE6E-44B5-A432-6D7FD0A53447}.Debug|Win32.ActiveCfg = Debug|Win32
		{B3DF929F-AE6E-44B5-A432-6D7FD0A53447}.Debug|Win32.Build.0 = Debug|Win32
		{B3DF929F-AE6E-44B5-A432-6D7FD0A53447}.Release|Win32.ActiveCfg = Release|Win32
		{B3DF929F-AE6E-44B5-A432-6D7FD0A53447}.Release|Win32.Build.0 = Release|Win32
	EndGlobalSection
	GlobalSection(SolutionProperties) = preSolution
		HideSolutionNode = FALSE
	EndGlobalSection
EndGlobal
