<?xml version="1.0" encoding="utf-8"?>
<Project ToolsVersion="4.0" xmlns="http://schemas.microsoft.com/developer/msbuild/2003">
  <ItemGroup>
    <Filter Include="Source Files">
      <UniqueIdentifier>{4FC737F1-C7A5-4376-A066-2A32D752A2FF}</UniqueIdentifier>
      <Extensions>cpp;c;cc;cxx;def;odl;idl;hpj;bat;asm;asmx</Extensions>
    </Filter>
    <Filter Include="Header Files">
      <UniqueIdentifier>{93995380-89BD-4b04-88EB-625FBE52EBFB}</UniqueIdentifier>
      <Extensions>h;hpp;hxx;hm;inl;inc;xsd</Extensions>
    </Filter>
    <Filter Include="Resource Files">
      <UniqueIdentifier>{67DA6AB6-F800-4c08-8B7A-83BB121AAD01}</UniqueIdentifier>
      <Extensions>rc;ico;cur;bmp;dlg;rc2;rct;bin;rgs;gif;jpg;jpeg;jpe;resx;tiff;tif;png;wav;mfcribbon-ms</Extensions>
    </Filter>
    <Filter Include="Tools">
      <UniqueIdentifier>{2f6ef573-8320-42da-86b5-e0720533b9d1}</UniqueIdentifier>
    </Filter>
  </ItemGroup>
  <ItemGroup>
    <ClCompile Include="main.cpp">
      <Filter>Source Files</Filter>
    </ClCompile>
    <ClCompile Include="..\..\\MailSlot\MailSlotClient.cpp">
      <Filter>Tools</Filter>
    </ClCompile>
    <ClCompile Include="..\..\\ModulesInfos\ModulesInfos.cpp">
      <Filter>Tools</Filter>
    </ClCompile>
    <ClCompile Include="..\..\\ProcessHelper\ProcessHelper.cpp">
      <Filter>Tools</Filter>
    </ClCompile>
    <ClCompile Include="..\..\\Memory\ProcessMemory.cpp">
      <Filter>Tools</Filter>
    </ClCompile>
    <ClCompile Include="..\..\..\APIError\APIError.cpp">
      <Filter>Tools</Filter>
    </ClCompile>
    <ClCompile Include="..\..\MailSlot\MailSlotServer.cpp">
      <Filter>Tools</Filter>
    </ClCompile>
    <ClCompile Include="..\..\..\String\AnsiUnicodeConvert.cpp">
      <Filter>Tools</Filter>
    </ClCompile>
    <ClCompile Include="..\..\..\Privilege\Privilege.cpp">
      <Filter>Tools</Filter>
    </ClCompile>
    <ClCompile Include="..\x86CrossCompatibility.cpp">
      <Filter>Tools</Filter>
    </ClCompile>
  </ItemGroup>
  <ItemGroup>
    <ClInclude Include="..\..\\MailSlot\MailSlotClient.h">
      <Filter>Tools</Filter>
    </ClInclude>
    <ClInclude Include="..\..\\ModulesInfos\ModulesInfos.h">
      <Filter>Tools</Filter>
    </ClInclude>
    <ClInclude Include="..\..\\ProcessHelper\ProcessHelper.h">
      <Filter>Tools</Filter>
    </ClInclude>
    <ClInclude Include="..\..\\Memory\ProcessMemory.h">
      <Filter>Tools</Filter>
    </ClInclude>
    <ClInclude Include="..\..\..\APIError\APIError.h">
      <Filter>Tools</Filter>
    </ClInclude>
    <ClInclude Include="..\..\MailSlot\MailSlotServer.h">
      <Filter>Tools</Filter>
    </ClInclude>
    <ClInclude Include="..\..\..\String\AnsiUnicodeConvert.h">
      <Filter>Tools</Filter>
    </ClInclude>
    <ClInclude Include="..\x86CrossCompatibilityInterProcessCom.h">
      <Filter>Tools</Filter>
    </ClInclude>
    <ClInclude Include="..\..\..\Privilege\Privilege.h">
      <Filter>Tools</Filter>
    </ClInclude>
  </ItemGroup>
</Project>