
Microsoft Visual Studio Solution File, Format Version 10.00
# Visual Studio 2008
Project("{8BC9CEB8-8B4A-11D0-8D11-00A0C91BC942}") = "EasyDbg", "EasyDbg.vcproj", "{76524229-2E05-4411-9D9F-7E83E3111FC5}"
EndProject
Global
	GlobalSection(SolutionConfigurationPlatforms) = preSolution
		Debug|Win32 = Debug|Win32
		Release|Win32 = Release|Win32
	EndGlobalSection
	GlobalSection(ProjectConfigurationPlatforms) = postSolution
		{76524229-2E05-4411-9D9F-7E83E3111FC5}.Debug|Win32.ActiveCfg = Debug|Win32
		{76524229-2E05-4411-9D9F-7E83E3111FC5}.Debug|Win32.Build.0 = Debug|Win32
		{76524229-2E05-4411-9D9F-7E83E3111FC5}.Release|Win32.ActiveCfg = Release|Win32
		{76524229-2E05-4411-9D9F-7E83E3111FC5}.Release|Win32.Build.0 = Release|Win32
	EndGlobalSection
	GlobalSection(SolutionProperties) = preSolution
		HideSolutionNode = FALSE
	EndGlobalSection
EndGlobal
