
Microsoft Visual Studio Solution File, Format Version 10.00
# Visual Studio 2008
Project("{8BC9CEB8-8B4A-11D0-8D11-00A0C91BC942}") = "vidcontrol", "vidcontrol.vcproj", "{93883CFE-039C-46F8-BA12-48D2ED13EE1E}"
EndProject
Global
	GlobalSection(SolutionConfigurationPlatforms) = preSolution
		Debug|Win32 = Debug|Win32
		Release|Win32 = Release|Win32
	EndGlobalSection
	GlobalSection(ProjectConfigurationPlatforms) = postSolution
		{93883CFE-039C-46F8-BA12-48D2ED13EE1E}.Debug|Win32.ActiveCfg = Debug|Win32
		{93883CFE-039C-46F8-BA12-48D2ED13EE1E}.Debug|Win32.Build.0 = Debug|Win32
		{93883CFE-039C-46F8-BA12-48D2ED13EE1E}.Release|Win32.ActiveCfg = Release|Win32
		{93883CFE-039C-46F8-BA12-48D2ED13EE1E}.Release|Win32.Build.0 = Release|Win32
	EndGlobalSection
	GlobalSection(SolutionProperties) = preSolution
		HideSolutionNode = FALSE
	EndGlobalSection
EndGlobal
