Microsoft Visual Studio Solution File, Format Version 8.00
Project("{8BC9CEB8-8B4A-11D0-8D11-00A0C91BC942}") = "SetEnvVarProc", "SetEnvVarProc.vcproj", "{947DCD27-8A9D-413D-B176-18C89D10EA8D}"
	ProjectSection(ProjectDependencies) = postProject
	EndProjectSection
EndProject
Global
	GlobalSection(DPCodeReviewSolutionGUID) = preSolution
		DPCodeReviewSolutionGUID = {00000000-0000-0000-0000-000000000000}
	EndGlobalSection
	GlobalSection(SolutionConfiguration) = preSolution
		Debug = Debug
		DebugUnicode = DebugUnicode
		Release = Release
		ReleaseUnicode = ReleaseUnicode
	EndGlobalSection
	GlobalSection(ProjectConfiguration) = postSolution
		{947DCD27-8A9D-413D-B176-18C89D10EA8D}.Debug.ActiveCfg = Debug|Win32
		{947DCD27-8A9D-413D-B176-18C89D10EA8D}.Debug.Build.0 = Debug|Win32
		{947DCD27-8A9D-413D-B176-18C89D10EA8D}.DebugUnicode.ActiveCfg = DebugUnicode|Win32
		{947DCD27-8A9D-413D-B176-18C89D10EA8D}.DebugUnicode.Build.0 = DebugUnicode|Win32
		{947DCD27-8A9D-413D-B176-18C89D10EA8D}.Release.ActiveCfg = Release|Win32
		{947DCD27-8A9D-413D-B176-18C89D10EA8D}.Release.Build.0 = Release|Win32
		{947DCD27-8A9D-413D-B176-18C89D10EA8D}.ReleaseUnicode.ActiveCfg = ReleaseUnicode|Win32
		{947DCD27-8A9D-413D-B176-18C89D10EA8D}.ReleaseUnicode.Build.0 = ReleaseUnicode|Win32
	EndGlobalSection
	GlobalSection(ExtensibilityGlobals) = postSolution
	EndGlobalSection
	GlobalSection(ExtensibilityAddIns) = postSolution
	EndGlobalSection
EndGlobal
