
Microsoft Visual Studio Solution File, Format Version 10.00
# Visual Studio 2008
Project("{8BC9CEB8-8B4A-11D0-8D11-00A0C91BC942}") = "NTFS", "NTFS\NTFS.vcproj", "{8D3CDE3E-9184-47A7-B1AA-D1DFAD86E1CE}"
EndProject
Global
	GlobalSection(SolutionConfigurationPlatforms) = preSolution
		Debug|Win32 = Debug|Win32
		Release|Win32 = Release|Win32
	EndGlobalSection
	GlobalSection(ProjectConfigurationPlatforms) = postSolution
		{8D3CDE3E-9184-47A7-B1AA-D1DFAD86E1CE}.Debug|Win32.ActiveCfg = Debug|Win32
		{8D3CDE3E-9184-47A7-B1AA-D1DFAD86E1CE}.Debug|Win32.Build.0 = Debug|Win32
		{8D3CDE3E-9184-47A7-B1AA-D1DFAD86E1CE}.Release|Win32.ActiveCfg = Release|Win32
		{8D3CDE3E-9184-47A7-B1AA-D1DFAD86E1CE}.Release|Win32.Build.0 = Release|Win32
	EndGlobalSection
	GlobalSection(SolutionProperties) = preSolution
		HideSolutionNode = FALSE
	EndGlobalSection
EndGlobal
