
Microsoft Visual Studio Solution File, Format Version 10.00
# Visual Studio 2008
Project("{8BC9CEB8-8B4A-11D0-8D11-00A0C91BC942}") = "Sniffer", "Sniffer.vcproj", "{5D4AE3C4-2AE3-4D51-B177-F178E4888DA3}"
EndProject
Global
	GlobalSection(SolutionConfigurationPlatforms) = preSolution
		Debug|Win32 = Debug|Win32
		Release|Win32 = Release|Win32
	EndGlobalSection
	GlobalSection(ProjectConfigurationPlatforms) = postSolution
		{5D4AE3C4-2AE3-4D51-B177-F178E4888DA3}.Debug|Win32.ActiveCfg = Debug|Win32
		{5D4AE3C4-2AE3-4D51-B177-F178E4888DA3}.Debug|Win32.Build.0 = Debug|Win32
		{5D4AE3C4-2AE3-4D51-B177-F178E4888DA3}.Release|Win32.ActiveCfg = Release|Win32
		{5D4AE3C4-2AE3-4D51-B177-F178E4888DA3}.Release|Win32.Build.0 = Release|Win32
	EndGlobalSection
	GlobalSection(SolutionProperties) = preSolution
		HideSolutionNode = FALSE
	EndGlobalSection
EndGlobal
