
Microsoft Visual Studio Solution File, Format Version 10.00
# Visual Studio 2008
Project("{8BC9CEB8-8B4A-11D0-8D11-00A0C91BC942}") = "Dbg", "Dbg\Dbg.vcproj", "{73CB8554-78EE-4552-AA43-E8596669342E}"
EndProject
Project("{8BC9CEB8-8B4A-11D0-8D11-00A0C91BC942}") = "Test", "Test\Test.vcproj", "{9177707E-D23B-4AA4-94BE-01E01FAC98CB}"
	ProjectSection(ProjectDependencies) = postProject
		{73CB8554-78EE-4552-AA43-E8596669342E} = {73CB8554-78EE-4552-AA43-E8596669342E}
	EndProjectSection
EndProject
Global
	GlobalSection(SolutionConfigurationPlatforms) = preSolution
		Debug|Win32 = Debug|Win32
		Release|Win32 = Release|Win32
	EndGlobalSection
	GlobalSection(ProjectConfigurationPlatforms) = postSolution
		{73CB8554-78EE-4552-AA43-E8596669342E}.Debug|Win32.ActiveCfg = Debug|Win32
		{73CB8554-78EE-4552-AA43-E8596669342E}.Debug|Win32.Build.0 = Debug|Win32
		{73CB8554-78EE-4552-AA43-E8596669342E}.Release|Win32.ActiveCfg = Release|Win32
		{73CB8554-78EE-4552-AA43-E8596669342E}.Release|Win32.Build.0 = Release|Win32
		{9177707E-D23B-4AA4-94BE-01E01FAC98CB}.Debug|Win32.ActiveCfg = Debug|Win32
		{9177707E-D23B-4AA4-94BE-01E01FAC98CB}.Debug|Win32.Build.0 = Debug|Win32
		{9177707E-D23B-4AA4-94BE-01E01FAC98CB}.Release|Win32.ActiveCfg = Release|Win32
		{9177707E-D23B-4AA4-94BE-01E01FAC98CB}.Release|Win32.Build.0 = Release|Win32
	EndGlobalSection
	GlobalSection(SolutionProperties) = preSolution
		HideSolutionNode = FALSE
	EndGlobalSection
EndGlobal
