Microsoft Visual Studio Solution File, Format Version 10.00
# Visual Studio 2008
Project("{8BC9CEB8-8B4A-11D0-8D11-00A0C91BC942}") = "DllExportFinder", "DllExportFinder.vcproj", "{58B7EB60-2273-443F-8737-ECB67F712126}"
EndProject
Global
	GlobalSection(SolutionConfigurationPlatforms) = preSolution
		Debug|Win32 = Debug|Win32
		DebugUnicode|Win32 = DebugUnicode|Win32
		Release|Win32 = Release|Win32
		ReleaseUnicode|Win32 = ReleaseUnicode|Win32
	EndGlobalSection
	GlobalSection(ProjectConfigurationPlatforms) = postSolution
		{58B7EB60-2273-443F-8737-ECB67F712126}.Debug|Win32.ActiveCfg = Debug|Win32
		{58B7EB60-2273-443F-8737-ECB67F712126}.Debug|Win32.Build.0 = Debug|Win32
		{58B7EB60-2273-443F-8737-ECB67F712126}.DebugUnicode|Win32.ActiveCfg = DebugUnicode|Win32
		{58B7EB60-2273-443F-8737-ECB67F712126}.DebugUnicode|Win32.Build.0 = DebugUnicode|Win32
		{58B7EB60-2273-443F-8737-ECB67F712126}.Release|Win32.ActiveCfg = Release|Win32
		{58B7EB60-2273-443F-8737-ECB67F712126}.Release|Win32.Build.0 = Release|Win32
		{58B7EB60-2273-443F-8737-ECB67F712126}.ReleaseUnicode|Win32.ActiveCfg = ReleaseUnicode|Win32
		{58B7EB60-2273-443F-8737-ECB67F712126}.ReleaseUnicode|Win32.Build.0 = ReleaseUnicode|Win32
	EndGlobalSection
	GlobalSection(SolutionProperties) = preSolution
		HideSolutionNode = FALSE
	EndGlobalSection
	GlobalSection(DPCodeReviewSolutionGUID) = preSolution
		DPCodeReviewSolutionGUID = {00000000-0000-0000-0000-000000000000}
	EndGlobalSection
EndGlobal
