
Microsoft Visual Studio Solution File, Format Version 10.00
# Visual Studio 2008
Project("{8BC9CEB8-8B4A-11D0-8D11-00A0C91BC942}") = "SendARP", "SendARP.vcproj", "{0B78BF7B-A41B-4A93-9AB6-47E07C7CEDBE}"
EndProject
Global
	GlobalSection(SolutionConfigurationPlatforms) = preSolution
		Debug|Win32 = Debug|Win32
		Release|Win32 = Release|Win32
	EndGlobalSection
	GlobalSection(ProjectConfigurationPlatforms) = postSolution
		{0B78BF7B-A41B-4A93-9AB6-47E07C7CEDBE}.Debug|Win32.ActiveCfg = Debug|Win32
		{0B78BF7B-A41B-4A93-9AB6-47E07C7CEDBE}.Debug|Win32.Build.0 = Debug|Win32
		{0B78BF7B-A41B-4A93-9AB6-47E07C7CEDBE}.Release|Win32.ActiveCfg = Release|Win32
		{0B78BF7B-A41B-4A93-9AB6-47E07C7CEDBE}.Release|Win32.Build.0 = Release|Win32
	EndGlobalSection
	GlobalSection(SolutionProperties) = preSolution
		HideSolutionNode = FALSE
	EndGlobalSection
EndGlobal
