
Microsoft Visual Studio Solution File, Format Version 10.00
# Visual Studio 2008
Project("{8BC9CEB8-8B4A-11D0-8D11-00A0C91BC942}") = "join", "join.vcproj", "{AB3B280E-B33C-46D9-BED0-5EC134CF737A}"
EndProject
Global
	GlobalSection(SolutionConfigurationPlatforms) = preSolution
		Debug|Win32 = Debug|Win32
		Release|Win32 = Release|Win32
	EndGlobalSection
	GlobalSection(ProjectConfigurationPlatforms) = postSolution
		{AB3B280E-B33C-46D9-BED0-5EC134CF737A}.Debug|Win32.ActiveCfg = Debug|Win32
		{AB3B280E-B33C-46D9-BED0-5EC134CF737A}.Debug|Win32.Build.0 = Debug|Win32
		{AB3B280E-B33C-46D9-BED0-5EC134CF737A}.Release|Win32.ActiveCfg = Release|Win32
		{AB3B280E-B33C-46D9-BED0-5EC134CF737A}.Release|Win32.Build.0 = Release|Win32
	EndGlobalSection
	GlobalSection(SolutionProperties) = preSolution
		HideSolutionNode = FALSE
	EndGlobalSection
EndGlobal
