
Microsoft Visual Studio Solution File, Format Version 10.00
# Visual Studio 2008
Project("{8BC9CEB8-8B4A-11D0-8D11-00A0C91BC942}") = "NyxConsole", "NyxConsole\NyxConsole.vcproj", "{90398584-7267-40B5-B7AC-67C9C3A25110}"
EndProject
Global
	GlobalSection(SolutionConfigurationPlatforms) = preSolution
		Debug|Win32 = Debug|Win32
		Release|Win32 = Release|Win32
	EndGlobalSection
	GlobalSection(ProjectConfigurationPlatforms) = postSolution
		{90398584-7267-40B5-B7AC-67C9C3A25110}.Debug|Win32.ActiveCfg = Debug|Win32
		{90398584-7267-40B5-B7AC-67C9C3A25110}.Debug|Win32.Build.0 = Debug|Win32
		{90398584-7267-40B5-B7AC-67C9C3A25110}.Release|Win32.ActiveCfg = Release|Win32
		{90398584-7267-40B5-B7AC-67C9C3A25110}.Release|Win32.Build.0 = Release|Win32
	EndGlobalSection
	GlobalSection(SolutionProperties) = preSolution
		HideSolutionNode = FALSE
	EndGlobalSection
EndGlobal
